
Microsoft Visual Studio Solution File, Format Version 12.00
# Visual Studio 15
VisualStudioVersion = 15.0.25123.0
MinimumVisualStudioVersion = 10.0.40219.1
Project("{151D2E53-A2C4-4D7D-83FE-D05416EBD58E}") = "AuditFunction", "AuditFunction\AuditFunction.deployproj", "{C6D76B7E-BB91-4AF7-81B9-68C0395E5ACF}"
EndProject
Global
	GlobalSection(SolutionConfigurationPlatforms) = preSolution
		Debug|Any CPU = Debug|Any CPU
		Release|Any CPU = Release|Any CPU
	EndGlobalSection
	GlobalSection(ProjectConfigurationPlatforms) = postSolution
		{C6D76B7E-BB91-4AF7-81B9-68C0395E5ACF}.Debug|Any CPU.ActiveCfg = Debug|Any CPU
		{C6D76B7E-BB91-4AF7-81B9-68C0395E5ACF}.Debug|Any CPU.Build.0 = Debug|Any CPU
		{C6D76B7E-BB91-4AF7-81B9-68C0395E5ACF}.Release|Any CPU.ActiveCfg = Release|Any CPU
		{C6D76B7E-BB91-4AF7-81B9-68C0395E5ACF}.Release|Any CPU.Build.0 = Release|Any CPU
	EndGlobalSection
	GlobalSection(SolutionProperties) = preSolution
		HideSolutionNode = FALSE
	EndGlobalSection
EndGlobal
